
Microsoft Visual Studio Solution File, Format Version 12.00
Project("{FAE04EC0-301F-11D3-BF4B-00C04F79EFBC}") = "Index.Api", "Index.Api\Index.Api.csproj", "{4652DF7A-5BEA-47E1-8E7D-B210D4CE0AD0}"
EndProject
Project("{2150E333-8FDC-42A3-9474-1A3956D46DE8}") = "Core", "Core", "{703A4570-B755-4C91-89A4-64D655831DD0}"
EndProject
Project("{2150E333-8FDC-42A3-9474-1A3956D46DE8}") = "Presentation", "Presentation", "{0F48B0E5-9AB9-47A2-9EEF-0D1A50A3EE03}"
EndProject
Project("{2150E333-8FDC-42A3-9474-1A3956D46DE8}") = "Tests", "Tests", "{4F97EE36-8ACF-4C09-BC0C-72D843EE7532}"
EndProject
Project("{2150E333-8FDC-42A3-9474-1A3956D46DE8}") = "Infrastructure", "Infrastructure", "{D497507E-2A31-45B3-A9C8-1D5A11EB10B9}"
EndProject
Project("{FAE04EC0-301F-11D3-BF4B-00C04F79EFBC}") = "Index.Presistence", "Index.Presistence\Index.Presistence.csproj", "{A47D84F7-10C3-4471-90C7-0584BAC91DC4}"
EndProject
Project("{FAE04EC0-301F-11D3-BF4B-00C04F79EFBC}") = "Index.Infrastructure", "Index.Infrastructure\Index.Infrastructure.csproj", "{07ABD02E-A4DF-44A3-8CED-6D36FE082CD2}"
EndProject
Project("{FAE04EC0-301F-11D3-BF4B-00C04F79EFBC}") = "Index.Application", "Index.Application\Index.Application.csproj", "{17B2A944-378A-4688-A0ED-5F47966C9A4C}"
EndProject
Project("{FAE04EC0-301F-11D3-BF4B-00C04F79EFBC}") = "Index.Domain", "Index.Domain\Index.Domain.csproj", "{76B47E8A-8FC0-455F-9797-48AF4D1E6A0B}"
EndProject
Project("{FAE04EC0-301F-11D3-BF4B-00C04F79EFBC}") = "Index.UnitTests", "Index.UnitTests\Index.UnitTests.csproj", "{80E84374-4082-4F47-95C2-BB8E9441F480}"
EndProject
Global
	GlobalSection(SolutionConfigurationPlatforms) = preSolution
		Debug|Any CPU = Debug|Any CPU
		Release|Any CPU = Release|Any CPU
	EndGlobalSection
	GlobalSection(ProjectConfigurationPlatforms) = postSolution
		{4652DF7A-5BEA-47E1-8E7D-B210D4CE0AD0}.Debug|Any CPU.ActiveCfg = Debug|Any CPU
		{4652DF7A-5BEA-47E1-8E7D-B210D4CE0AD0}.Debug|Any CPU.Build.0 = Debug|Any CPU
		{4652DF7A-5BEA-47E1-8E7D-B210D4CE0AD0}.Release|Any CPU.ActiveCfg = Release|Any CPU
		{4652DF7A-5BEA-47E1-8E7D-B210D4CE0AD0}.Release|Any CPU.Build.0 = Release|Any CPU
		{A47D84F7-10C3-4471-90C7-0584BAC91DC4}.Debug|Any CPU.ActiveCfg = Debug|Any CPU
		{A47D84F7-10C3-4471-90C7-0584BAC91DC4}.Debug|Any CPU.Build.0 = Debug|Any CPU
		{A47D84F7-10C3-4471-90C7-0584BAC91DC4}.Release|Any CPU.ActiveCfg = Release|Any CPU
		{A47D84F7-10C3-4471-90C7-0584BAC91DC4}.Release|Any CPU.Build.0 = Release|Any CPU
		{07ABD02E-A4DF-44A3-8CED-6D36FE082CD2}.Debug|Any CPU.ActiveCfg = Debug|Any CPU
		{07ABD02E-A4DF-44A3-8CED-6D36FE082CD2}.Debug|Any CPU.Build.0 = Debug|Any CPU
		{07ABD02E-A4DF-44A3-8CED-6D36FE082CD2}.Release|Any CPU.ActiveCfg = Release|Any CPU
		{07ABD02E-A4DF-44A3-8CED-6D36FE082CD2}.Release|Any CPU.Build.0 = Release|Any CPU
		{17B2A944-378A-4688-A0ED-5F47966C9A4C}.Debug|Any CPU.ActiveCfg = Debug|Any CPU
		{17B2A944-378A-4688-A0ED-5F47966C9A4C}.Debug|Any CPU.Build.0 = Debug|Any CPU
		{17B2A944-378A-4688-A0ED-5F47966C9A4C}.Release|Any CPU.ActiveCfg = Release|Any CPU
		{17B2A944-378A-4688-A0ED-5F47966C9A4C}.Release|Any CPU.Build.0 = Release|Any CPU
		{76B47E8A-8FC0-455F-9797-48AF4D1E6A0B}.Debug|Any CPU.ActiveCfg = Debug|Any CPU
		{76B47E8A-8FC0-455F-9797-48AF4D1E6A0B}.Debug|Any CPU.Build.0 = Debug|Any CPU
		{76B47E8A-8FC0-455F-9797-48AF4D1E6A0B}.Release|Any CPU.ActiveCfg = Release|Any CPU
		{76B47E8A-8FC0-455F-9797-48AF4D1E6A0B}.Release|Any CPU.Build.0 = Release|Any CPU
		{80E84374-4082-4F47-95C2-BB8E9441F480}.Debug|Any CPU.ActiveCfg = Debug|Any CPU
		{80E84374-4082-4F47-95C2-BB8E9441F480}.Debug|Any CPU.Build.0 = Debug|Any CPU
		{80E84374-4082-4F47-95C2-BB8E9441F480}.Release|Any CPU.ActiveCfg = Release|Any CPU
		{80E84374-4082-4F47-95C2-BB8E9441F480}.Release|Any CPU.Build.0 = Release|Any CPU
	EndGlobalSection
	GlobalSection(NestedProjects) = preSolution
		{4652DF7A-5BEA-47E1-8E7D-B210D4CE0AD0} = {0F48B0E5-9AB9-47A2-9EEF-0D1A50A3EE03}
		{A47D84F7-10C3-4471-90C7-0584BAC91DC4} = {D497507E-2A31-45B3-A9C8-1D5A11EB10B9}
		{07ABD02E-A4DF-44A3-8CED-6D36FE082CD2} = {D497507E-2A31-45B3-A9C8-1D5A11EB10B9}
		{17B2A944-378A-4688-A0ED-5F47966C9A4C} = {703A4570-B755-4C91-89A4-64D655831DD0}
		{76B47E8A-8FC0-455F-9797-48AF4D1E6A0B} = {703A4570-B755-4C91-89A4-64D655831DD0}
		{80E84374-4082-4F47-95C2-BB8E9441F480} = {4F97EE36-8ACF-4C09-BC0C-72D843EE7532}
	EndGlobalSection
EndGlobal
